dependencies:
- name: keda
  repository: https://kedify.github.io/charts
  version: v2.18.0-1
- name: keda-add-ons-http
  repository: https://kedify.github.io/charts
  version: v0.11.0-1
- name: otel-add-on
  repository: oci://ghcr.io/kedify/charts
  version: v0.1.2
- name: kedify-predictor
  repository: oci://ghcr.io/kedify/charts
  version: v0.0.2
digest: sha256:c60136d647897d8c1b6c5b4d765a45785a7855b05b5395c20694a5dec2521ea8
generated: "2025-10-30T14:38:02.444368+01:00"
