dependencies:
- name: keda
  repository: https://kedify.github.io/charts
  version: v2.20.1-0
- name: keda-add-ons-http
  repository: https://kedify.github.io/charts
  version: v0.11.1-4
- name: otel-add-on
  repository: oci://ghcr.io/kedify/charts
  version: v0.1.3
- name: kedify-predictor
  repository: oci://ghcr.io/kedify/charts
  version: 0.1.4
digest: sha256:b026394aff7483fd65c438bab13c67446187dbcc4e13f278ef91a095ae8e29b5
generated: "2026-06-09T10:42:23.565158059Z"
