dependencies:
- name: grafana
  repository: oci://ghcr.io/grafana/helm-charts
  version: 10.5.15
- name: prometheus
  repository: oci://ghcr.io/prometheus-community/charts
  version: 29.13.1
- name: loki
  repository: oci://ghcr.io/grafana-community/helm-charts
  version: 18.3.0
- name: opentelemetry-collector
  repository: oci://ghcr.io/open-telemetry/opentelemetry-helm-charts
  version: 0.159.2
digest: sha256:30d25c1224435ae088d5e17284ad3a24d5b9e5f6f185040d73a47ab952c6fff0
generated: "2026-07-01T17:49:54.53452+02:00"
